{
  "name": "uxg-govuk",
  "version": "1.0.0",
  "lockfileVersion": 3,
  "requires": true,
  "packages": {
    "": {
      "name": "uxg-govuk",
      "version": "1.0.0",
      "license": "ISC",
      "dependencies": {
        "govuk-frontend": "^5.13.0",
        "nidirect-frontend": "^2.0.0"
      }
    },
    "node_modules/govuk-frontend": {
      "version": "5.13.0",
      "resolved": "https://registry.npmjs.org/govuk-frontend/-/govuk-frontend-5.13.0.tgz",
      "integrity": "sha512-6N3pHelWN7wftdM6e4YEzZAfattapa1gnd+Al6d5PUbfTr9D+T2dnphpNpjX75CTEhihlQqlL0RDQ3WIfZ3PSg==",
      "license": "MIT",
      "engines": {
        "node": ">= 4.2.0"
      }
    },
    "node_modules/nidirect-frontend": {
      "version": "2.0.0",
      "resolved": "https://registry.npmjs.org/nidirect-frontend/-/nidirect-frontend-2.0.0.tgz",
      "integrity": "sha512-nJ1MlAZ/rY7Yz99hsilDSfdLRM887VN+ZX228cmdTkeXAJrQwS8e0P4rrXBB3np+Ovpmg8nzvo2m06JxYXA+3A==",
      "dependencies": {
        "govuk-frontend": "*"
      }
    }
  }
}
